
Microsoft Visual Studio Solution File, Format Version 12.00
# Visual Studio 15
VisualStudioVersion = 15.0.28010.2046
MinimumVisualStudioVersion = 10.0.40219.1
Project("{FAE04EC0-301F-11D3-BF4B-00C04F79EFBC}") = "VirtualityBusCard", "VirtualityBusCard\VirtualityBusCard.csproj", "{0F4DD565-6B47-4383-8359-2FDB99CCC6B0}"
EndProject
Global
	GlobalSection(SolutionConfigurationPlatforms) = preSolution
		Debug|Any CPU = Debug|Any CPU
		Release|Any CPU = Release|Any CPU
	EndGlobalSection
	GlobalSection(ProjectConfigurationPlatforms) = postSolution
		{0F4DD565-6B47-4383-8359-2FDB99CCC6B0}.Debug|Any CPU.ActiveCfg = Debug|Any CPU
		{0F4DD565-6B47-4383-8359-2FDB99CCC6B0}.Debug|Any CPU.Build.0 = Debug|Any CPU
		{0F4DD565-6B47-4383-8359-2FDB99CCC6B0}.Release|Any CPU.ActiveCfg = Release|Any CPU
		{0F4DD565-6B47-4383-8359-2FDB99CCC6B0}.Release|Any CPU.Build.0 = Release|Any CPU
	EndGlobalSection
	GlobalSection(SolutionProperties) = preSolution
		HideSolutionNode = FALSE
	EndGlobalSection
	GlobalSection(ExtensibilityGlobals) = postSolution
		SolutionGuid = {3AF78786-C8E0-477E-9D58-46DCD0453C6F}
	EndGlobalSection
EndGlobal
